
Microsoft Visual Studio Solution File, Format Version 12.00
# Visual Studio Version 17
VisualStudioVersion = 17.3.32811.315
MinimumVisualStudioVersion = 10.0.40219.1
Project("{FAE04EC0-301F-11D3-BF4B-00C04F79EFBC}") = "AMM_Lab_S3.Android", "AMM_Lab_S3\AMM_Lab_S3.Android\AMM_Lab_S3.Android.csproj", "{1817D5D7-7491-48BA-B20F-FEFB71976FBF}"
EndProject
Project("{FAE04EC0-301F-11D3-BF4B-00C04F79EFBC}") = "AMM_Lab_S3.iOS", "AMM_Lab_S3\AMM_Lab_S3.iOS\AMM_Lab_S3.iOS.csproj", "{1DAC3B3A-2B7A-4F6F-8CBE-39D01F5BCAA1}"
EndProject
Project("{FAE04EC0-301F-11D3-BF4B-00C04F79EFBC}") = "AMM_Lab_S3", "AMM_Lab_S3\AMM_Lab_S3\AMM_Lab_S3.csproj", "{88FC57C6-AD59-4169-8620-2C580952C8C2}"
EndProject
Global
	GlobalSection(SolutionConfigurationPlatforms) = preSolution
		Debug|Any CPU = Debug|Any CPU
		Debug|iPhone = Debug|iPhone
		Debug|iPhoneSimulator = Debug|iPhoneSimulator
		Release|Any CPU = Release|Any CPU
		Release|iPhone = Release|iPhone
		Release|iPhoneSimulator = Release|iPhoneSimulator
	EndGlobalSection
	GlobalSection(ProjectConfigurationPlatforms) = postSolution
		{1817D5D7-7491-48BA-B20F-FEFB71976FBF}.Debug|Any CPU.ActiveCfg = Debug|Any CPU
		{1817D5D7-7491-48BA-B20F-FEFB71976FBF}.Debug|Any CPU.Build.0 = Debug|Any CPU
		{1817D5D7-7491-48BA-B20F-FEFB71976FBF}.Debug|Any CPU.Deploy.0 = Debug|Any CPU
		{1817D5D7-7491-48BA-B20F-FEFB71976FBF}.Debug|iPhone.ActiveCfg = Debug|Any CPU
		{1817D5D7-7491-48BA-B20F-FEFB71976FBF}.Debug|iPhone.Build.0 = Debug|Any CPU
		{1817D5D7-7491-48BA-B20F-FEFB71976FBF}.Debug|iPhone.Deploy.0 = Debug|Any CPU
		{1817D5D7-7491-48BA-B20F-FEFB71976FBF}.Debug|iPhoneSimulator.ActiveCfg = Debug|Any CPU
		{1817D5D7-7491-48BA-B20F-FEFB71976FBF}.Debug|iPhoneSimulator.Build.0 = Debug|Any CPU
		{1817D5D7-7491-48BA-B20F-FEFB71976FBF}.Debug|iPhoneSimulator.Deploy.0 = Debug|Any CPU
		{1817D5D7-7491-48BA-B20F-FEFB71976FBF}.Release|Any CPU.ActiveCfg = Release|Any CPU
		{1817D5D7-7491-48BA-B20F-FEFB71976FBF}.Release|Any CPU.Build.0 = Release|Any CPU
		{1817D5D7-7491-48BA-B20F-FEFB71976FBF}.Release|Any CPU.Deploy.0 = Release|Any CPU
		{1817D5D7-7491-48BA-B20F-FEFB71976FBF}.Release|iPhone.ActiveCfg = Release|Any CPU
		{1817D5D7-7491-48BA-B20F-FEFB71976FBF}.Release|iPhone.Build.0 = Release|Any CPU
		{1817D5D7-7491-48BA-B20F-FEFB71976FBF}.Release|iPhone.Deploy.0 = Release|Any CPU
		{1817D5D7-7491-48BA-B20F-FEFB71976FBF}.Release|iPhoneSimulator.ActiveCfg = Release|Any CPU
		{1817D5D7-7491-48BA-B20F-FEFB71976FBF}.Release|iPhoneSimulator.Build.0 = Release|Any CPU
		{1817D5D7-7491-48BA-B20F-FEFB71976FBF}.Release|iPhoneSimulator.Deploy.0 = Release|Any CPU
		{1DAC3B3A-2B7A-4F6F-8CBE-39D01F5BCAA1}.Debug|Any CPU.ActiveCfg = Debug|iPhone
		{1DAC3B3A-2B7A-4F6F-8CBE-39D01F5BCAA1}.Debug|Any CPU.Build.0 = Debug|iPhone
		{1DAC3B3A-2B7A-4F6F-8CBE-39D01F5BCAA1}.Debug|Any CPU.Deploy.0 = Debug|iPhone
		{1DAC3B3A-2B7A-4F6F-8CBE-39D01F5BCAA1}.Debug|iPhone.ActiveCfg = Debug|iPhone
		{1DAC3B3A-2B7A-4F6F-8CBE-39D01F5BCAA1}.Debug|iPhone.Build.0 = Debug|iPhone
		{1DAC3B3A-2B7A-4F6F-8CBE-39D01F5BCAA1}.Debug|iPhone.Deploy.0 = Debug|iPhone
		{1DAC3B3A-2B7A-4F6F-8CBE-39D01F5BCAA1}.Debug|iPhoneSimulator.ActiveCfg = Debug|iPhoneSimulator
		{1DAC3B3A-2B7A-4F6F-8CBE-39D01F5BCAA1}.Debug|iPhoneSimulator.Build.0 = Debug|iPhoneSimulator
		{1DAC3B3A-2B7A-4F6F-8CBE-39D01F5BCAA1}.Debug|iPhoneSimulator.Deploy.0 = Debug|iPhoneSimulator
		{1DAC3B3A-2B7A-4F6F-8CBE-39D01F5BCAA1}.Release|Any CPU.ActiveCfg = Release|iPhoneSimulator
		{1DAC3B3A-2B7A-4F6F-8CBE-39D01F5BCAA1}.Release|Any CPU.Build.0 = Release|iPhoneSimulator
		{1DAC3B3A-2B7A-4F6F-8CBE-39D01F5BCAA1}.Release|Any CPU.Deploy.0 = Release|iPhoneSimulator
		{1DAC3B3A-2B7A-4F6F-8CBE-39D01F5BCAA1}.Release|iPhone.ActiveCfg = Release|iPhone
		{1DAC3B3A-2B7A-4F6F-8CBE-39D01F5BCAA1}.Release|iPhone.Build.0 = Release|iPhone
		{1DAC3B3A-2B7A-4F6F-8CBE-39D01F5BCAA1}.Release|iPhone.Deploy.0 = Release|iPhone
		{1DAC3B3A-2B7A-4F6F-8CBE-39D01F5BCAA1}.Release|iPhoneSimulator.ActiveCfg = Release|iPhoneSimulator
		{1DAC3B3A-2B7A-4F6F-8CBE-39D01F5BCAA1}.Release|iPhoneSimulator.Build.0 = Release|iPhoneSimulator
		{1DAC3B3A-2B7A-4F6F-8CBE-39D01F5BCAA1}.Release|iPhoneSimulator.Deploy.0 = Release|iPhoneSimulator
		{88FC57C6-AD59-4169-8620-2C580952C8C2}.Debug|Any CPU.ActiveCfg = Debug|Any CPU
		{88FC57C6-AD59-4169-8620-2C580952C8C2}.Debug|Any CPU.Build.0 = Debug|Any CPU
		{88FC57C6-AD59-4169-8620-2C580952C8C2}.Debug|Any CPU.Deploy.0 = Debug|Any CPU
		{88FC57C6-AD59-4169-8620-2C580952C8C2}.Debug|iPhone.ActiveCfg = Debug|Any CPU
		{88FC57C6-AD59-4169-8620-2C580952C8C2}.Debug|iPhone.Build.0 = Debug|Any CPU
		{88FC57C6-AD59-4169-8620-2C580952C8C2}.Debug|iPhone.Deploy.0 = Debug|Any CPU
		{88FC57C6-AD59-4169-8620-2C580952C8C2}.Debug|iPhoneSimulator.ActiveCfg = Debug|Any CPU
		{88FC57C6-AD59-4169-8620-2C580952C8C2}.Debug|iPhoneSimulator.Build.0 = Debug|Any CPU
		{88FC57C6-AD59-4169-8620-2C580952C8C2}.Debug|iPhoneSimulator.Deploy.0 = Debug|Any CPU
		{88FC57C6-AD59-4169-8620-2C580952C8C2}.Release|Any CPU.ActiveCfg = Release|Any CPU
		{88FC57C6-AD59-4169-8620-2C580952C8C2}.Release|Any CPU.Build.0 = Release|Any CPU
		{88FC57C6-AD59-4169-8620-2C580952C8C2}.Release|Any CPU.Deploy.0 = Release|Any CPU
		{88FC57C6-AD59-4169-8620-2C580952C8C2}.Release|iPhone.ActiveCfg = Release|Any CPU
		{88FC57C6-AD59-4169-8620-2C580952C8C2}.Release|iPhone.Build.0 = Release|Any CPU
		{88FC57C6-AD59-4169-8620-2C580952C8C2}.Release|iPhone.Deploy.0 = Release|Any CPU
		{88FC57C6-AD59-4169-8620-2C580952C8C2}.Release|iPhoneSimulator.ActiveCfg = Release|Any CPU
		{88FC57C6-AD59-4169-8620-2C580952C8C2}.Release|iPhoneSimulator.Build.0 = Release|Any CPU
		{88FC57C6-AD59-4169-8620-2C580952C8C2}.Release|iPhoneSimulator.Deploy.0 = Release|Any CPU
	EndGlobalSection
	GlobalSection(SolutionProperties) = preSolution
		HideSolutionNode = FALSE
	EndGlobalSection
	GlobalSection(ExtensibilityGlobals) = postSolution
		SolutionGuid = {72046161-4BA8-4EB8-9FB8-01AC93884352}
	EndGlobalSection
EndGlobal
